
Microsoft Visual Studio Solution File, Format Version 12.00
# Visual Studio Version 17
VisualStudioVersion = 17.5.002.0
MinimumVisualStudioVersion = 10.0.40219.1
Project("{9A19103F-16F7-4668-BE54-9A1E7A4F7556}") = "DotNetAPIDemo", "DotNetAPIDemo.csproj", "{14AC00DE-D72C-4FC9-B2B1-BD9DDE3AF2C3}"
EndProject
Global
	GlobalSection(SolutionConfigurationPlatforms) = preSolution
		Debug|Any CPU = Debug|Any CPU
		Release|Any CPU = Release|Any CPU
	EndGlobalSection
	GlobalSection(ProjectConfigurationPlatforms) = postSolution
		{14AC00DE-D72C-4FC9-B2B1-BD9DDE3AF2C3}.Debug|Any CPU.ActiveCfg = Debug|Any CPU
		{14AC00DE-D72C-4FC9-B2B1-BD9DDE3AF2C3}.Debug|Any CPU.Build.0 = Debug|Any CPU
		{14AC00DE-D72C-4FC9-B2B1-BD9DDE3AF2C3}.Release|Any CPU.ActiveCfg = Release|Any CPU
		{14AC00DE-D72C-4FC9-B2B1-BD9DDE3AF2C3}.Release|Any CPU.Build.0 = Release|Any CPU
	EndGlobalSection
	GlobalSection(SolutionProperties) = preSolution
		HideSolutionNode = FALSE
	EndGlobalSection
	GlobalSection(ExtensibilityGlobals) = postSolution
		SolutionGuid = {A29791E8-780A-466E-9E12-A624E1BBD25B}
	EndGlobalSection
EndGlobal
