
Microsoft Visual Studio Solution File, Format Version 12.00
# Visual Studio Version 17
VisualStudioVersion = 17.0.31903.59
MinimumVisualStudioVersion = 10.0.40219.1
Project("{2150E333-8FDC-42A3-9474-1A3956D46DE8}") = "DotNetAPIDemo.Tests", "DotNetAPIDemo.Tests", "{B775492B-7639-4B7A-8DF0-E6AD1A63DF07}"
EndProject
Project("{FAE04EC0-301F-11D3-BF4B-00C04F79EFBC}") = "DotNetAPIDemo.Tests.FrontEnd", "DotNetAPIDemo.Tests\FrontEnd\DotNetAPIDemo.Tests.FrontEnd.csproj", "{C975315E-E049-4AF3-AB77-F1AE5A2DE694}"
EndProject
Project("{FAE04EC0-301F-11D3-BF4B-00C04F79EFBC}") = "DotNetAPIDemo.Tests.BackEnd", "DotNetAPIDemo.Tests\BackEnd\DotNetAPIDemo.Tests.BackEnd.csproj", "{B4706E68-F7F9-496C-ADDF-F6FE605DECE7}"
EndProject
Project("{FAE04EC0-301F-11D3-BF4B-00C04F79EFBC}") = "DotNetAPIDemo", "DotNetAPIDemo\DotNetAPIDemo.csproj", "{3EE7C9B6-53B3-4DD7-B761-2FE2CF93B40C}"
EndProject
Global
	GlobalSection(SolutionConfigurationPlatforms) = preSolution
		Debug|Any CPU = Debug|Any CPU
		Release|Any CPU = Release|Any CPU
	EndGlobalSection
	GlobalSection(SolutionProperties) = preSolution
		HideSolutionNode = FALSE
	EndGlobalSection
	GlobalSection(ProjectConfigurationPlatforms) = postSolution
		{C975315E-E049-4AF3-AB77-F1AE5A2DE694}.Debug|Any CPU.ActiveCfg = Debug|Any CPU
		{C975315E-E049-4AF3-AB77-F1AE5A2DE694}.Debug|Any CPU.Build.0 = Debug|Any CPU
		{C975315E-E049-4AF3-AB77-F1AE5A2DE694}.Release|Any CPU.ActiveCfg = Release|Any CPU
		{C975315E-E049-4AF3-AB77-F1AE5A2DE694}.Release|Any CPU.Build.0 = Release|Any CPU
		{B4706E68-F7F9-496C-ADDF-F6FE605DECE7}.Debug|Any CPU.ActiveCfg = Debug|Any CPU
		{B4706E68-F7F9-496C-ADDF-F6FE605DECE7}.Debug|Any CPU.Build.0 = Debug|Any CPU
		{B4706E68-F7F9-496C-ADDF-F6FE605DECE7}.Release|Any CPU.ActiveCfg = Release|Any CPU
		{B4706E68-F7F9-496C-ADDF-F6FE605DECE7}.Release|Any CPU.Build.0 = Release|Any CPU
		{3EE7C9B6-53B3-4DD7-B761-2FE2CF93B40C}.Debug|Any CPU.ActiveCfg = Debug|Any CPU
		{3EE7C9B6-53B3-4DD7-B761-2FE2CF93B40C}.Debug|Any CPU.Build.0 = Debug|Any CPU
		{3EE7C9B6-53B3-4DD7-B761-2FE2CF93B40C}.Release|Any CPU.ActiveCfg = Release|Any CPU
		{3EE7C9B6-53B3-4DD7-B761-2FE2CF93B40C}.Release|Any CPU.Build.0 = Release|Any CPU
	EndGlobalSection
	GlobalSection(NestedProjects) = preSolution
		{C975315E-E049-4AF3-AB77-F1AE5A2DE694} = {B775492B-7639-4B7A-8DF0-E6AD1A63DF07}
		{B4706E68-F7F9-496C-ADDF-F6FE605DECE7} = {B775492B-7639-4B7A-8DF0-E6AD1A63DF07}
	EndGlobalSection
EndGlobal
